
Microsoft Visual Studio Solution File, Format Version 10.00
# Visual Studio 2008
Project("{8BC9CEB8-8B4A-11D0-8D11-00A0C91BC942}") = "Endianess_Understand", "Endianess_Understand\Endianess_Understand.vcproj", "{4A6F91FF-5CC9-4F57-9DFC-6A1A8C0EB060}"
EndProject
Global
	GlobalSection(SolutionConfigurationPlatforms) = preSolution
		Debug|Win32 = Debug|Win32
		Release|Win32 = Release|Win32
	EndGlobalSection
	GlobalSection(ProjectConfigurationPlatforms) = postSolution
		{4A6F91FF-5CC9-4F57-9DFC-6A1A8C0EB060}.Debug|Win32.ActiveCfg = Debug|Win32
		{4A6F91FF-5CC9-4F57-9DFC-6A1A8C0EB060}.Debug|Win32.Build.0 = Debug|Win32
		{4A6F91FF-5CC9-4F57-9DFC-6A1A8C0EB060}.Release|Win32.ActiveCfg = Release|Win32
		{4A6F91FF-5CC9-4F57-9DFC-6A1A8C0EB060}.Release|Win32.Build.0 = Release|Win32
	EndGlobalSection
	GlobalSection(SolutionProperties) = preSolution
		HideSolutionNode = FALSE
	EndGlobalSection
EndGlobal
